
Microsoft Visual Studio Solution File, Format Version 12.00
# Visual Studio Version 17
VisualStudioVersion = 17.12.35707.178 d17.12
MinimumVisualStudioVersion = 10.0.40219.1
Project("{FAE04EC0-301F-11D3-BF4B-00C04F79EFBC}") = "Lab6WDomu", "Lab6WDomu\Lab6WDomu.csproj", "{281B4380-D860-4DC3-9127-95B990CD80C8}"
EndProject
Project("{FAE04EC0-301F-11D3-BF4B-00C04F79EFBC}") = "Klasy", "Klasy\Klasy.csproj", "{B5EFEE7A-81ED-4332-B1CC-2969AD48E196}"
EndProject
Global
	GlobalSection(SolutionConfigurationPlatforms) = preSolution
		Debug|Any CPU = Debug|Any CPU
		Release|Any CPU = Release|Any CPU
	EndGlobalSection
	GlobalSection(ProjectConfigurationPlatforms) = postSolution
		{281B4380-D860-4DC3-9127-95B990CD80C8}.Debug|Any CPU.ActiveCfg = Debug|Any CPU
		{281B4380-D860-4DC3-9127-95B990CD80C8}.Debug|Any CPU.Build.0 = Debug|Any CPU
		{281B4380-D860-4DC3-9127-95B990CD80C8}.Release|Any CPU.ActiveCfg = Release|Any CPU
		{281B4380-D860-4DC3-9127-95B990CD80C8}.Release|Any CPU.Build.0 = Release|Any CPU
		{B5EFEE7A-81ED-4332-B1CC-2969AD48E196}.Debug|Any CPU.ActiveCfg = Debug|Any CPU
		{B5EFEE7A-81ED-4332-B1CC-2969AD48E196}.Debug|Any CPU.Build.0 = Debug|Any CPU
		{B5EFEE7A-81ED-4332-B1CC-2969AD48E196}.Release|Any CPU.ActiveCfg = Release|Any CPU
		{B5EFEE7A-81ED-4332-B1CC-2969AD48E196}.Release|Any CPU.Build.0 = Release|Any CPU
	EndGlobalSection
	GlobalSection(SolutionProperties) = preSolution
		HideSolutionNode = FALSE
	EndGlobalSection
EndGlobal
